
Microsoft Visual Studio Solution File, Format Version 12.00
# Visual Studio Version 17
VisualStudioVersion = 17.3.32922.545
MinimumVisualStudioVersion = 10.0.40219.1
Project("{9A19103F-16F7-4668-BE54-9A1E7A4F7556}") = "CryptoCurrency", "CryptoCurrency\CryptoCurrency.csproj", "{45BCA70A-F248-4526-AF15-D0CE5D0F1602}"
EndProject
Project("{9A19103F-16F7-4668-BE54-9A1E7A4F7556}") = "CryptoCurrency.Test", "CryptoCurrency.Test\CryptoCurrency.Test.csproj", "{BA3EDEC2-767E-4CDE-83DA-3FFC46C1FBC8}"
EndProject
Project("{2150E333-8FDC-42A3-9474-1A3956D46DE8}") = "Docs", "Docs", "{AD95183B-9F1E-45EF-8E7A-5D8EA17ACEA9}"
	ProjectSection(SolutionItems) = preProject
		Docs\CRYPTO CURRENCY ÆKVIVALENSPARTIONERING.docx = Docs\CRYPTO CURRENCY ÆKVIVALENSPARTIONERING.docx
		Docs\CRYPTO CURRENCY ÆKVIVALENSPARTIONERING.drawio = Docs\CRYPTO CURRENCY ÆKVIVALENSPARTIONERING.drawio
	EndProjectSection
EndProject
Global
	GlobalSection(SolutionConfigurationPlatforms) = preSolution
		Debug|Any CPU = Debug|Any CPU
		Release|Any CPU = Release|Any CPU
	EndGlobalSection
	GlobalSection(ProjectConfigurationPlatforms) = postSolution
		{45BCA70A-F248-4526-AF15-D0CE5D0F1602}.Debug|Any CPU.ActiveCfg = Debug|Any CPU
		{45BCA70A-F248-4526-AF15-D0CE5D0F1602}.Debug|Any CPU.Build.0 = Debug|Any CPU
		{45BCA70A-F248-4526-AF15-D0CE5D0F1602}.Release|Any CPU.ActiveCfg = Release|Any CPU
		{45BCA70A-F248-4526-AF15-D0CE5D0F1602}.Release|Any CPU.Build.0 = Release|Any CPU
		{BA3EDEC2-767E-4CDE-83DA-3FFC46C1FBC8}.Debug|Any CPU.ActiveCfg = Debug|Any CPU
		{BA3EDEC2-767E-4CDE-83DA-3FFC46C1FBC8}.Debug|Any CPU.Build.0 = Debug|Any CPU
		{BA3EDEC2-767E-4CDE-83DA-3FFC46C1FBC8}.Release|Any CPU.ActiveCfg = Release|Any CPU
		{BA3EDEC2-767E-4CDE-83DA-3FFC46C1FBC8}.Release|Any CPU.Build.0 = Release|Any CPU
	EndGlobalSection
	GlobalSection(SolutionProperties) = preSolution
		HideSolutionNode = FALSE
	EndGlobalSection
	GlobalSection(ExtensibilityGlobals) = postSolution
		SolutionGuid = {784AF74C-8595-4BA3-94F3-8969C8EF9AD2}
	EndGlobalSection
EndGlobal
